
Microsoft Visual Studio Solution File, Format Version 12.00
# Visual Studio Version 16
VisualStudioVersion = 16.0.31624.102
MinimumVisualStudioVersion = 10.0.40219.1
Project("{FAE04EC0-301F-11D3-BF4B-00C04F79EFBC}") = "WebVista", "WebVista\WebVista.csproj", "{E34F2F8E-349E-4AE0-A367-41562D35FFE8}"
EndProject
Project("{FAE04EC0-301F-11D3-BF4B-00C04F79EFBC}") = "Infrastructure", "Infrastructure\Infrastructure.csproj", "{AD0A005F-69BF-45E2-B7E8-1FA5693E5B79}"
EndProject
Project("{FAE04EC0-301F-11D3-BF4B-00C04F79EFBC}") = "Ropository", "Ropository\Ropository.csproj", "{2412D4D8-9903-4F14-8975-9462A12A2548}"
EndProject
Global
	GlobalSection(SolutionConfigurationPlatforms) = preSolution
		Debug|Any CPU = Debug|Any CPU
		Release|Any CPU = Release|Any CPU
	EndGlobalSection
	GlobalSection(ProjectConfigurationPlatforms) = postSolution
		{E34F2F8E-349E-4AE0-A367-41562D35FFE8}.Debug|Any CPU.ActiveCfg = Debug|Any CPU
		{E34F2F8E-349E-4AE0-A367-41562D35FFE8}.Debug|Any CPU.Build.0 = Debug|Any CPU
		{E34F2F8E-349E-4AE0-A367-41562D35FFE8}.Release|Any CPU.ActiveCfg = Release|Any CPU
		{E34F2F8E-349E-4AE0-A367-41562D35FFE8}.Release|Any CPU.Build.0 = Release|Any CPU
		{AD0A005F-69BF-45E2-B7E8-1FA5693E5B79}.Debug|Any CPU.ActiveCfg = Debug|Any CPU
		{AD0A005F-69BF-45E2-B7E8-1FA5693E5B79}.Debug|Any CPU.Build.0 = Debug|Any CPU
		{AD0A005F-69BF-45E2-B7E8-1FA5693E5B79}.Release|Any CPU.ActiveCfg = Release|Any CPU
		{AD0A005F-69BF-45E2-B7E8-1FA5693E5B79}.Release|Any CPU.Build.0 = Release|Any CPU
		{2412D4D8-9903-4F14-8975-9462A12A2548}.Debug|Any CPU.ActiveCfg = Debug|Any CPU
		{2412D4D8-9903-4F14-8975-9462A12A2548}.Debug|Any CPU.Build.0 = Debug|Any CPU
		{2412D4D8-9903-4F14-8975-9462A12A2548}.Release|Any CPU.ActiveCfg = Release|Any CPU
		{2412D4D8-9903-4F14-8975-9462A12A2548}.Release|Any CPU.Build.0 = Release|Any CPU
	EndGlobalSection
	GlobalSection(SolutionProperties) = preSolution
		HideSolutionNode = FALSE
	EndGlobalSection
	GlobalSection(ExtensibilityGlobals) = postSolution
		SolutionGuid = {7F3DF4FE-5C69-4917-9900-A5B768873EF9}
	EndGlobalSection
EndGlobal
